{
  "name": "dashboard",
  "version": "1.0.0",
  "lockfileVersion": 1,
  "requires": true,
  "dependencies": {
    "extract-emoji": {
      "version": "1.0.2",
      "resolved": "https://registry.npmjs.org/extract-emoji/-/extract-emoji-1.0.2.tgz",
      "integrity": "sha1-nfY5J37k3Obpxuu/lU7YuBsnjVM="
    },
    "iridescent": {
      "version": "1.0.2",
      "resolved": "https://registry.npmjs.org/iridescent/-/iridescent-1.0.2.tgz",
      "integrity": "sha512-k825f2Z5+EMif1cIl7ZyD3QV1d05dCT3OnbpJX2BFhCwvGkJIBXosl+UtyTnSL/Ix4UL75bfiLj6kZqybHKThA=="
    },
    "platform-detect": {
      "version": "0.0.5",
      "resolved": "https://registry.npmjs.org/platform-detect/-/platform-detect-0.0.5.tgz",
      "integrity": "sha512-iQcB3BpfrKUs5Lkox0aaHnVdldoKQ0swLSQ0V8wIJ1CoLhgviCEhjWblm3G5OwBYaEn6bE9yF/ZyM+eYkWxINg=="
    }
  }
}
